// !$*UTF8*$!
{
	archiveVersion = 1;
	classes = {
	};
	objectVersion = 48;
	objects = {

/* Begin PBXBuildFile section */
		C40E62051E39583500A5F0C5 /* MealPlanFactory.swift in Sources */ = {isa = PBXBuildFile; fileRef = C40E62041E39583500A5F0C5 /* MealPlanFactory.swift */; };
		C417AD6F1E4522FC0004C6FF /* AppDelegateTests.swift in Sources */ = {isa = PBXBuildFile; fileRef = C417AD6E1E4522FC0004C6FF /* AppDelegateTests.swift */; };
		C417AD711E4536200004C6FF /* MealsFactory.swift in Sources */ = {isa = PBXBuildFile; fileRef = C417AD701E4536200004C6FF /* MealsFactory.swift */; };
		C417AD731E453C540004C6FF /* SelectMealFactory.swift in Sources */ = {isa = PBXBuildFile; fileRef = C417AD721E453C540004C6FF /* SelectMealFactory.swift */; };
		C417AD751E4547110004C6FF /* ViewControllerNavigating.swift in Sources */ = {isa = PBXBuildFile; fileRef = C417AD741E4547110004C6FF /* ViewControllerNavigating.swift */; };
		C417AD781E45488F0004C6FF /* ViewControllerNavigatingTests.swift in Sources */ = {isa = PBXBuildFile; fileRef = C417AD771E45488F0004C6FF /* ViewControllerNavigatingTests.swift */; };
		C41845391E1AF4880042E44C /* AppDelegate.swift in Sources */ = {isa = PBXBuildFile; fileRef = C41845371E1AF4880042E44C /* AppDelegate.swift */; };
		C418453B1E1AF51C0042E44C /* LaunchScreen.storyboard in Resources */ = {isa = PBXBuildFile; fileRef = C4CB92271E1A2CBA004F0E27 /* LaunchScreen.storyboard */; };
		C41A40D81E4F2F0C007918DC /* Storage.swift in Sources */ = {isa = PBXBuildFile; fileRef = C41A40D71E4F2F0C007918DC /* Storage.swift */; };
		C41A40DA1E4F3AC8007918DC /* StorageTests.swift in Sources */ = {isa = PBXBuildFile; fileRef = C41A40D91E4F3AC8007918DC /* StorageTests.swift */; };
		C41F2C331E2FF9B800028E60 /* Quick.framework in Frameworks */ = {isa = PBXBuildFile; fileRef = C41F2C311E2FF9B800028E60 /* Quick.framework */; };
		C41F2C341E2FF9B800028E60 /* Nimble.framework in Frameworks */ = {isa = PBXBuildFile; fileRef = C41F2C321E2FF9B800028E60 /* Nimble.framework */; };
		C41F2C361E2FFB2100028E60 /* Quick.framework in Copy Frameworks */ = {isa = PBXBuildFile; fileRef = C41F2C311E2FF9B800028E60 /* Quick.framework */; settings = {ATTRIBUTES = (CodeSignOnCopy, RemoveHeadersOnCopy, ); }; };
		C41F2C371E2FFB2100028E60 /* Nimble.framework in Copy Frameworks */ = {isa = PBXBuildFile; fileRef = C41F2C321E2FF9B800028E60 /* Nimble.framework */; settings = {ATTRIBUTES = (CodeSignOnCopy, RemoveHeadersOnCopy, ); }; };
		C426A2A31E5105D40074B6EA /* IngredientEntity+CoreDataClass.swift in Sources */ = {isa = PBXBuildFile; fileRef = C426A2A11E5105D40074B6EA /* IngredientEntity+CoreDataClass.swift */; };
		C426A2A41E5105D40074B6EA /* IngredientEntity+CoreDataProperties.swift in Sources */ = {isa = PBXBuildFile; fileRef = C426A2A21E5105D40074B6EA /* IngredientEntity+CoreDataProperties.swift */; };
		C43822891E25FADF00179062 /* AddMealAlertCreator.swift in Sources */ = {isa = PBXBuildFile; fileRef = C43822881E25FADF00179062 /* AddMealAlertCreator.swift */; };
		C438228B1E25FD6100179062 /* AddMealAlertCreatorTests.swift in Sources */ = {isa = PBXBuildFile; fileRef = C438228A1E25FD6100179062 /* AddMealAlertCreatorTests.swift */; };
		C46BFF651E291EBA001D4C15 /* SelectMealViewControllerTests.swift in Sources */ = {isa = PBXBuildFile; fileRef = C46BFF641E291EBA001D4C15 /* SelectMealViewControllerTests.swift */; };
		C46BFF681E296F89001D4C15 /* Main.storyboard in Resources */ = {isa = PBXBuildFile; fileRef = C46BFF661E296F89001D4C15 /* Main.storyboard */; };
		C46DB9051E4BB0E8001C1005 /* MealPlan.xcdatamodeld in Sources */ = {isa = PBXBuildFile; fileRef = C46DB9031E4BB0E8001C1005 /* MealPlan.xcdatamodeld */; };
		C46DB9071E4BB111001C1005 /* NSPersistentContainer+Make.swift in Sources */ = {isa = PBXBuildFile; fileRef = C46DB9061E4BB111001C1005 /* NSPersistentContainer+Make.swift */; };
		C46DB90A1E4BC710001C1005 /* NSPersistentContainer_MakeTests.swift in Sources */ = {isa = PBXBuildFile; fileRef = C46DB9091E4BC710001C1005 /* NSPersistentContainer_MakeTests.swift */; };
		C471A8321E2824D2000A6F07 /* SelectMealPresenter.swift in Sources */ = {isa = PBXBuildFile; fileRef = C471A8311E2824D2000A6F07 /* SelectMealPresenter.swift */; };
		C471A8341E2824EB000A6F07 /* SelectMealPresenterTests.swift in Sources */ = {isa = PBXBuildFile; fileRef = C471A8331E2824EB000A6F07 /* SelectMealPresenterTests.swift */; };
		C471A8361E2826CF000A6F07 /* SelectMealViewController.swift in Sources */ = {isa = PBXBuildFile; fileRef = C471A8351E2826CF000A6F07 /* SelectMealViewController.swift */; };
		C47D86811E212AE2008FC4A3 /* MealPlanViewData.swift in Sources */ = {isa = PBXBuildFile; fileRef = C47D86801E212AE2008FC4A3 /* MealPlanViewData.swift */; };
		C47D86841E215B5A008FC4A3 /* CollectionUtils.swift in Sources */ = {isa = PBXBuildFile; fileRef = C47D86831E215B5A008FC4A3 /* CollectionUtils.swift */; };
		C47D868A1E216B9F008FC4A3 /* CollectionUtilsTests.swift in Sources */ = {isa = PBXBuildFile; fileRef = C47D86891E216B9F008FC4A3 /* CollectionUtilsTests.swift */; };
		C47D868C1E216BA4008FC4A3 /* TestUtils.swift in Sources */ = {isa = PBXBuildFile; fileRef = C47D868B1E216BA4008FC4A3 /* TestUtils.swift */; };
		C47D868E1E217FAE008FC4A3 /* MealsPresenter.swift in Sources */ = {isa = PBXBuildFile; fileRef = C47D868D1E217FAE008FC4A3 /* MealsPresenter.swift */; };
		C47D86901E21801F008FC4A3 /* MealsPresenterTests.swift in Sources */ = {isa = PBXBuildFile; fileRef = C47D868F1E21801F008FC4A3 /* MealsPresenterTests.swift */; };
		C47D86921E2181AD008FC4A3 /* MealsViewController.swift in Sources */ = {isa = PBXBuildFile; fileRef = C47D86911E2181AD008FC4A3 /* MealsViewController.swift */; };
		C49879CC1E4FB35F00FD5605 /* MealEntity+CoreDataClass.swift in Sources */ = {isa = PBXBuildFile; fileRef = C49879CA1E4FB35F00FD5605 /* MealEntity+CoreDataClass.swift */; };
		C49879CD1E4FB35F00FD5605 /* MealEntity+CoreDataProperties.swift in Sources */ = {isa = PBXBuildFile; fileRef = C49879CB1E4FB35F00FD5605 /* MealEntity+CoreDataProperties.swift */; };
		C49879CF1E4FBF2F00FD5605 /* ContextProviding.swift in Sources */ = {isa = PBXBuildFile; fileRef = C49879CE1E4FBF2F00FD5605 /* ContextProviding.swift */; };
		C4A2FF521E219209009AC6AD /* MealsViewControllerTests.swift in Sources */ = {isa = PBXBuildFile; fileRef = C4A2FF511E219209009AC6AD /* MealsViewControllerTests.swift */; };
		C4CAB6361E2EC38A00900003 /* ViewControllerMaking.swift in Sources */ = {isa = PBXBuildFile; fileRef = C4CAB6351E2EC38A00900003 /* ViewControllerMaking.swift */; };
		C4CB92211E1A2CBA004F0E27 /* MealPlanViewController.swift in Sources */ = {isa = PBXBuildFile; fileRef = C4CB92201E1A2CBA004F0E27 /* MealPlanViewController.swift */; };
		C4CB92261E1A2CBA004F0E27 /* Assets.xcassets in Resources */ = {isa = PBXBuildFile; fileRef = C4CB92251E1A2CBA004F0E27 /* Assets.xcassets */; };
		C4D418F21E1EF1A3002B0D66 /* MealPlanPresenter.swift in Sources */ = {isa = PBXBuildFile; fileRef = C4D418F11E1EF1A3002B0D66 /* MealPlanPresenter.swift */; };
		C4D418F41E1EF3FD002B0D66 /* MealPlanPresenterTests.swift in Sources */ = {isa = PBXBuildFile; fileRef = C4D418F31E1EF3FD002B0D66 /* MealPlanPresenterTests.swift */; };
		C4D418F61E1EFC24002B0D66 /* MealPlanViewControllerTests.swift in Sources */ = {isa = PBXBuildFile; fileRef = C4D418F51E1EFC24002B0D66 /* MealPlanViewControllerTests.swift */; };
		C4DE4FCA1E39470B0010CE52 /* ViewControllerMakingTests.swift in Sources */ = {isa = PBXBuildFile; fileRef = C4DE4FC91E39470B0010CE52 /* ViewControllerMakingTests.swift */; };
		C4E1BD231E1C594B00811965 /* MealsModelTests.swift in Sources */ = {isa = PBXBuildFile; fileRef = C4E1BD221E1C594B00811965 /* MealsModelTests.swift */; };
		C4E1BD261E1C5AB800811965 /* MealsModel.swift in Sources */ = {isa = PBXBuildFile; fileRef = C4E1BD251E1C5AB800811965 /* MealsModel.swift */; };
		C4E693571E24564F00EDFE97 /* AlertActionCreator.swift in Sources */ = {isa = PBXBuildFile; fileRef = C4E693561E24564F00EDFE97 /* AlertActionCreator.swift */; };
		C4E9D7261E204237008926BC /* Meal.swift in Sources */ = {isa = PBXBuildFile; fileRef = C4E9D7251E204237008926BC /* Meal.swift */; };
		C4E9D72A1E204B4A008926BC /* DayOfWeek.swift in Sources */ = {isa = PBXBuildFile; fileRef = C4E9D7291E204B4A008926BC /* DayOfWeek.swift */; };
		C4E9D72E1E204D72008926BC /* WeeklyMealPlanModel.swift in Sources */ = {isa = PBXBuildFile; fileRef = C4E9D72D1E204D72008926BC /* WeeklyMealPlanModel.swift */; };
		C4E9D7301E204F1F008926BC /* WeeklyMealPlanModelTests.swift in Sources */ = {isa = PBXBuildFile; fileRef = C4E9D72F1E204F1F008926BC /* WeeklyMealPlanModelTests.swift */; };
		C4F61D661E506D7700B0A17C /* DayPlanEntity+CoreDataClass.swift in Sources */ = {isa = PBXBuildFile; fileRef = C4F61D641E506D7700B0A17C /* DayPlanEntity+CoreDataClass.swift */; };
		C4F61D671E506D7700B0A17C /* DayPlanEntity+CoreDataProperties.swift in Sources */ = {isa = PBXBuildFile; fileRef = C4F61D651E506D7700B0A17C /* DayPlanEntity+CoreDataProperties.swift */; };
/* End PBXBuildFile section */

/* Begin PBXContainerItemProxy section */
		C4CB92301E1A2CBA004F0E27 /* PBXContainerItemProxy */ = {
			isa = PBXContainerItemProxy;
			containerPortal = C4CB92131E1A2CBA004F0E27 /* Project object */;
			proxyType = 1;
			remoteGlobalIDString = C4CB921A1E1A2CBA004F0E27;
			remoteInfo = MealPlan;
		};
/* End PBXContainerItemProxy section */

/* Begin PBXCopyFilesBuildPhase section */
		C41F2C351E2FFB1100028E60 /* Copy Frameworks */ = {
			isa = PBXCopyFilesBuildPhase;
			buildActionMask = 2147483647;
			dstPath = "";
			dstSubfolderSpec = 10;
			files = (
				C41F2C361E2FFB2100028E60 /* Quick.framework in Copy Frameworks */,
				C41F2C371E2FFB2100028E60 /* Nimble.framework in Copy Frameworks */,
			);
			name = "Copy Frameworks";
			runOnlyForDeploymentPostprocessing = 0;
		};
/* End PBXCopyFilesBuildPhase section */

/* Begin PBXFileReference section */
		C40E62041E39583500A5F0C5 /* MealPlanFactory.swift */ = {isa = PBXFileReference; fileEncoding = 4; lastKnownFileType = sourcecode.swift; path = MealPlanFactory.swift; sourceTree = "<group>"; };
		C417AD6E1E4522FC0004C6FF /* AppDelegateTests.swift */ = {isa = PBXFileReference; fileEncoding = 4; lastKnownFileType = sourcecode.swift; path = AppDelegateTests.swift; sourceTree = "<group>"; };
		C417AD701E4536200004C6FF /* MealsFactory.swift */ = {isa = PBXFileReference; fileEncoding = 4; lastKnownFileType = sourcecode.swift; path = MealsFactory.swift; sourceTree = "<group>"; };
		C417AD721E453C540004C6FF /* SelectMealFactory.swift */ = {isa = PBXFileReference; fileEncoding = 4; lastKnownFileType = sourcecode.swift; path = SelectMealFactory.swift; sourceTree = "<group>"; };
		C417AD741E4547110004C6FF /* ViewControllerNavigating.swift */ = {isa = PBXFileReference; fileEncoding = 4; lastKnownFileType = sourcecode.swift; path = ViewControllerNavigating.swift; sourceTree = "<group>"; };
		C417AD771E45488F0004C6FF /* ViewControllerNavigatingTests.swift */ = {isa = PBXFileReference; fileEncoding = 4; lastKnownFileType = sourcecode.swift; path = ViewControllerNavigatingTests.swift; sourceTree = "<group>"; };
		C41845361E1AF4880042E44C /* Info.plist */ = {isa = PBXFileReference; fileEncoding = 4; lastKnownFileType = text.plist.xml; path = Info.plist; sourceTree = "<group>"; };
		C41845371E1AF4880042E44C /* AppDelegate.swift */ = {isa = PBXFileReference; fileEncoding = 4; lastKnownFileType = sourcecode.swift; path = AppDelegate.swift; sourceTree = "<group>"; };
		C41A40D71E4F2F0C007918DC /* Storage.swift */ = {isa = PBXFileReference; fileEncoding = 4; lastKnownFileType = sourcecode.swift; path = Storage.swift; sourceTree = "<group>"; };
		C41A40D91E4F3AC8007918DC /* StorageTests.swift */ = {isa = PBXFileReference; fileEncoding = 4; lastKnownFileType = sourcecode.swift; path = StorageTests.swift; sourceTree = "<group>"; };
		C41F2C311E2FF9B800028E60 /* Quick.framework */ = {isa = PBXFileReference; lastKnownFileType = wrapper.framework; name = Quick.framework; path = Carthage/Build/iOS/Quick.framework; sourceTree = "<group>"; };
		C41F2C321E2FF9B800028E60 /* Nimble.framework */ = {isa = PBXFileReference; lastKnownFileType = wrapper.framework; name = Nimble.framework; path = Carthage/Build/iOS/Nimble.framework; sourceTree = "<group>"; };
		C426A2A11E5105D40074B6EA /* IngredientEntity+CoreDataClass.swift */ = {isa = PBXFileReference; fileEncoding = 4; lastKnownFileType = sourcecode.swift; path = "IngredientEntity+CoreDataClass.swift"; sourceTree = "<group>"; };
		C426A2A21E5105D40074B6EA /* IngredientEntity+CoreDataProperties.swift */ = {isa = PBXFileReference; fileEncoding = 4; lastKnownFileType = sourcecode.swift; path = "IngredientEntity+CoreDataProperties.swift"; sourceTree = "<group>"; };
		C43822881E25FADF00179062 /* AddMealAlertCreator.swift */ = {isa = PBXFileReference; fileEncoding = 4; lastKnownFileType = sourcecode.swift; path = AddMealAlertCreator.swift; sourceTree = "<group>"; };
		C438228A1E25FD6100179062 /* AddMealAlertCreatorTests.swift */ = {isa = PBXFileReference; fileEncoding = 4; lastKnownFileType = sourcecode.swift; path = AddMealAlertCreatorTests.swift; sourceTree = "<group>"; };
		C46BFF641E291EBA001D4C15 /* SelectMealViewControllerTests.swift */ = {isa = PBXFileReference; fileEncoding = 4; lastKnownFileType = sourcecode.swift; path = SelectMealViewControllerTests.swift; sourceTree = "<group>"; };
		C46BFF671E296F89001D4C15 /* Base */ = {isa = PBXFileReference; lastKnownFileType = file.storyboard; name = Base; path = Base.lproj/Main.storyboard; sourceTree = "<group>"; };
		C46DB9041E4BB0E8001C1005 /* MealPlan.xcdatamodel */ = {isa = PBXFileReference; lastKnownFileType = wrapper.xcdatamodel; path = MealPlan.xcdatamodel; sourceTree = "<group>"; };
		C46DB9061E4BB111001C1005 /* NSPersistentContainer+Make.swift */ = {isa = PBXFileReference; fileEncoding = 4; lastKnownFileType = sourcecode.swift; path = "NSPersistentContainer+Make.swift"; sourceTree = "<group>"; };
		C46DB9091E4BC710001C1005 /* NSPersistentContainer_MakeTests.swift */ = {isa = PBXFileReference; fileEncoding = 4; indentWidth = 4; lastKnownFileType = sourcecode.swift; path = NSPersistentContainer_MakeTests.swift; sourceTree = "<group>"; tabWidth = 4; };
		C471A8311E2824D2000A6F07 /* SelectMealPresenter.swift */ = {isa = PBXFileReference; fileEncoding = 4; lastKnownFileType = sourcecode.swift; path = SelectMealPresenter.swift; sourceTree = "<group>"; };
		C471A8331E2824EB000A6F07 /* SelectMealPresenterTests.swift */ = {isa = PBXFileReference; fileEncoding = 4; lastKnownFileType = sourcecode.swift; path = SelectMealPresenterTests.swift; sourceTree = "<group>"; };
		C471A8351E2826CF000A6F07 /* SelectMealViewController.swift */ = {isa = PBXFileReference; fileEncoding = 4; lastKnownFileType = sourcecode.swift; path = SelectMealViewController.swift; sourceTree = "<group>"; };
		C47D86801E212AE2008FC4A3 /* MealPlanViewData.swift */ = {isa = PBXFileReference; fileEncoding = 4; lastKnownFileType = sourcecode.swift; path = MealPlanViewData.swift; sourceTree = "<group>"; };
		C47D86831E215B5A008FC4A3 /* CollectionUtils.swift */ = {isa = PBXFileReference; fileEncoding = 4; lastKnownFileType = sourcecode.swift; path = CollectionUtils.swift; sourceTree = "<group>"; };
		C47D86891E216B9F008FC4A3 /* CollectionUtilsTests.swift */ = {isa = PBXFileReference; fileEncoding = 4; lastKnownFileType = sourcecode.swift; path = CollectionUtilsTests.swift; sourceTree = "<group>"; };
		C47D868B1E216BA4008FC4A3 /* TestUtils.swift */ = {isa = PBXFileReference; fileEncoding = 4; lastKnownFileType = sourcecode.swift; path = TestUtils.swift; sourceTree = "<group>"; };
		C47D868D1E217FAE008FC4A3 /* MealsPresenter.swift */ = {isa = PBXFileReference; fileEncoding = 4; lastKnownFileType = sourcecode.swift; path = MealsPresenter.swift; sourceTree = "<group>"; };
		C47D868F1E21801F008FC4A3 /* MealsPresenterTests.swift */ = {isa = PBXFileReference; fileEncoding = 4; lastKnownFileType = sourcecode.swift; path = MealsPresenterTests.swift; sourceTree = "<group>"; };
		C47D86911E2181AD008FC4A3 /* MealsViewController.swift */ = {isa = PBXFileReference; fileEncoding = 4; lastKnownFileType = sourcecode.swift; path = MealsViewController.swift; sourceTree = "<group>"; };
		C49879CA1E4FB35F00FD5605 /* MealEntity+CoreDataClass.swift */ = {isa = PBXFileReference; fileEncoding = 4; lastKnownFileType = sourcecode.swift; path = "MealEntity+CoreDataClass.swift"; sourceTree = "<group>"; };
		C49879CB1E4FB35F00FD5605 /* MealEntity+CoreDataProperties.swift */ = {isa = PBXFileReference; fileEncoding = 4; lastKnownFileType = sourcecode.swift; path = "MealEntity+CoreDataProperties.swift"; sourceTree = "<group>"; };
		C49879CE1E4FBF2F00FD5605 /* ContextProviding.swift */ = {isa = PBXFileReference; fileEncoding = 4; lastKnownFileType = sourcecode.swift; path = ContextProviding.swift; sourceTree = "<group>"; };
		C4A2FF511E219209009AC6AD /* MealsViewControllerTests.swift */ = {isa = PBXFileReference; fileEncoding = 4; lastKnownFileType = sourcecode.swift; path = MealsViewControllerTests.swift; sourceTree = "<group>"; };
		C4CAB6351E2EC38A00900003 /* ViewControllerMaking.swift */ = {isa = PBXFileReference; fileEncoding = 4; lastKnownFileType = sourcecode.swift; path = ViewControllerMaking.swift; sourceTree = "<group>"; };
		C4CB921B1E1A2CBA004F0E27 /* MealPlan.app */ = {isa = PBXFileReference; explicitFileType = wrapper.application; includeInIndex = 0; path = MealPlan.app; sourceTree = BUILT_PRODUCTS_DIR; };
		C4CB92201E1A2CBA004F0E27 /* MealPlanViewController.swift */ = {isa = PBXFileReference; lastKnownFileType = sourcecode.swift; path = MealPlanViewController.swift; sourceTree = "<group>"; };
		C4CB92251E1A2CBA004F0E27 /* Assets.xcassets */ = {isa = PBXFileReference; lastKnownFileType = folder.assetcatalog; name = Assets.xcassets; path = ../Resources/Assets.xcassets; sourceTree = "<group>"; };
		C4CB92281E1A2CBA004F0E27 /* Base */ = {isa = PBXFileReference; lastKnownFileType = file.storyboard; name = Base; path = Base.lproj/LaunchScreen.storyboard; sourceTree = "<group>"; };
		C4CB922F1E1A2CBA004F0E27 /* MealPlanTests.xctest */ = {isa = PBXFileReference; explicitFileType = wrapper.cfbundle; includeInIndex = 0; path = MealPlanTests.xctest; sourceTree = BUILT_PRODUCTS_DIR; };
		C4CB92351E1A2CBA004F0E27 /* Info.plist */ = {isa = PBXFileReference; lastKnownFileType = text.plist.xml; path = Info.plist; sourceTree = "<group>"; };
		C4D418F11E1EF1A3002B0D66 /* MealPlanPresenter.swift */ = {isa = PBXFileReference; fileEncoding = 4; lastKnownFileType = sourcecode.swift; path = MealPlanPresenter.swift; sourceTree = "<group>"; };
		C4D418F31E1EF3FD002B0D66 /* MealPlanPresenterTests.swift */ = {isa = PBXFileReference; fileEncoding = 4; lastKnownFileType = sourcecode.swift; path = MealPlanPresenterTests.swift; sourceTree = "<group>"; };
		C4D418F51E1EFC24002B0D66 /* MealPlanViewControllerTests.swift */ = {isa = PBXFileReference; fileEncoding = 4; lastKnownFileType = sourcecode.swift; path = MealPlanViewControllerTests.swift; sourceTree = "<group>"; };
		C4DE4FC91E39470B0010CE52 /* ViewControllerMakingTests.swift */ = {isa = PBXFileReference; fileEncoding = 4; lastKnownFileType = sourcecode.swift; path = ViewControllerMakingTests.swift; sourceTree = "<group>"; };
		C4E1BD221E1C594B00811965 /* MealsModelTests.swift */ = {isa = PBXFileReference; fileEncoding = 4; lastKnownFileType = sourcecode.swift; path = MealsModelTests.swift; sourceTree = "<group>"; };
		C4E1BD251E1C5AB800811965 /* MealsModel.swift */ = {isa = PBXFileReference; fileEncoding = 4; lastKnownFileType = sourcecode.swift; path = MealsModel.swift; sourceTree = "<group>"; };
		C4E693561E24564F00EDFE97 /* AlertActionCreator.swift */ = {isa = PBXFileReference; fileEncoding = 4; lastKnownFileType = sourcecode.swift; path = AlertActionCreator.swift; sourceTree = "<group>"; };
		C4E9D7251E204237008926BC /* Meal.swift */ = {isa = PBXFileReference; fileEncoding = 4; lastKnownFileType = sourcecode.swift; path = Meal.swift; sourceTree = "<group>"; };
		C4E9D7291E204B4A008926BC /* DayOfWeek.swift */ = {isa = PBXFileReference; fileEncoding = 4; lastKnownFileType = sourcecode.swift; path = DayOfWeek.swift; sourceTree = "<group>"; };
		C4E9D72D1E204D72008926BC /* WeeklyMealPlanModel.swift */ = {isa = PBXFileReference; fileEncoding = 4; lastKnownFileType = sourcecode.swift; path = WeeklyMealPlanModel.swift; sourceTree = "<group>"; };
		C4E9D72F1E204F1F008926BC /* WeeklyMealPlanModelTests.swift */ = {isa = PBXFileReference; fileEncoding = 4; lastKnownFileType = sourcecode.swift; path = WeeklyMealPlanModelTests.swift; sourceTree = "<group>"; };
		C4F61D641E506D7700B0A17C /* DayPlanEntity+CoreDataClass.swift */ = {isa = PBXFileReference; fileEncoding = 4; lastKnownFileType = sourcecode.swift; path = "DayPlanEntity+CoreDataClass.swift"; sourceTree = "<group>"; };
		C4F61D651E506D7700B0A17C /* DayPlanEntity+CoreDataProperties.swift */ = {isa = PBXFileReference; fileEncoding = 4; lastKnownFileType = sourcecode.swift; path = "DayPlanEntity+CoreDataProperties.swift"; sourceTree = "<group>"; };
/* End PBXFileReference section */

/* Begin PBXFrameworksBuildPhase section */
		C4CB92181E1A2CBA004F0E27 /* Frameworks */ = {
			isa = PBXFrameworksBuildPhase;
			buildActionMask = 2147483647;
			files = (
			);
			runOnlyForDeploymentPostprocessing = 0;
		};
		C4CB922C1E1A2CBA004F0E27 /* Frameworks */ = {
			isa = PBXFrameworksBuildPhase;
			buildActionMask = 2147483647;
			files = (
				C41F2C331E2FF9B800028E60 /* Quick.framework in Frameworks */,
				C41F2C341E2FF9B800028E60 /* Nimble.framework in Frameworks */,
			);
			runOnlyForDeploymentPostprocessing = 0;
		};
/* End PBXFrameworksBuildPhase section */

/* Begin PBXGroup section */
		C417AD6B1E4520860004C6FF /* Supporting */ = {
			isa = PBXGroup;
			children = (
				C47D868B1E216BA4008FC4A3 /* TestUtils.swift */,
				C4CB92351E1A2CBA004F0E27 /* Info.plist */,
				C417AD6E1E4522FC0004C6FF /* AppDelegateTests.swift */,
			);
			path = Supporting;
			sourceTree = "<group>";
		};
		C417AD761E4548630004C6FF /* Common */ = {
			isa = PBXGroup;
			children = (
				C417AD771E45488F0004C6FF /* ViewControllerNavigatingTests.swift */,
				C4DE4FC91E39470B0010CE52 /* ViewControllerMakingTests.swift */,
			);
			path = Common;
			sourceTree = "<group>";
		};
		C41845331E1AF3CF0042E44C /* Storyboards */ = {
			isa = PBXGroup;
			children = (
				C46BFF661E296F89001D4C15 /* Main.storyboard */,
				C4CB92271E1A2CBA004F0E27 /* LaunchScreen.storyboard */,
			);
			path = Storyboards;
			sourceTree = "<group>";
		};
		C41845341E1AF3E90042E44C /* Views */ = {
			isa = PBXGroup;
			children = (
				C4CAB6321E2EC33E00900003 /* Factories */,
				C4ECAE801E26A64D003649D4 /* Common */,
				C41845331E1AF3CF0042E44C /* Storyboards */,
				C43822881E25FADF00179062 /* AddMealAlertCreator.swift */,
				C4CB92201E1A2CBA004F0E27 /* MealPlanViewController.swift */,
				C47D86911E2181AD008FC4A3 /* MealsViewController.swift */,
				C471A8351E2826CF000A6F07 /* SelectMealViewController.swift */,
			);
			path = Views;
			sourceTree = "<group>";
		};
		C41845351E1AF46D0042E44C /* Supporting */ = {
			isa = PBXGroup;
			children = (
				C4CB92251E1A2CBA004F0E27 /* Assets.xcassets */,
				C41845361E1AF4880042E44C /* Info.plist */,
				C41845371E1AF4880042E44C /* AppDelegate.swift */,
			);
			path = Supporting;
			sourceTree = "<group>";
		};
		C41F2C301E2FF9B800028E60 /* Frameworks */ = {
			isa = PBXGroup;
			children = (
				C41F2C311E2FF9B800028E60 /* Quick.framework */,
				C41F2C321E2FF9B800028E60 /* Nimble.framework */,
			);
			name = Frameworks;
			sourceTree = "<group>";
		};
		C46DB9081E4BC6F0001C1005 /* CoreData */ = {
			isa = PBXGroup;
			children = (
				C46DB9091E4BC710001C1005 /* NSPersistentContainer_MakeTests.swift */,
				C41A40D91E4F3AC8007918DC /* StorageTests.swift */,
			);
			path = CoreData;
			sourceTree = "<group>";
		};
		C47D867F1E212AB9008FC4A3 /* ViewData */ = {
			isa = PBXGroup;
			children = (
				C47D86801E212AE2008FC4A3 /* MealPlanViewData.swift */,
			);
			path = ViewData;
			sourceTree = "<group>";
		};
		C47D86821E215B17008FC4A3 /* Utils */ = {
			isa = PBXGroup;
			children = (
				C47D86831E215B5A008FC4A3 /* CollectionUtils.swift */,
			);
			path = Utils;
			sourceTree = "<group>";
		};
		C49879C91E4FB31E00FD5605 /* Entities */ = {
			isa = PBXGroup;
			children = (
				C426A2A11E5105D40074B6EA /* IngredientEntity+CoreDataClass.swift */,
				C426A2A21E5105D40074B6EA /* IngredientEntity+CoreDataProperties.swift */,
				C4F61D641E506D7700B0A17C /* DayPlanEntity+CoreDataClass.swift */,
				C4F61D651E506D7700B0A17C /* DayPlanEntity+CoreDataProperties.swift */,
				C49879CA1E4FB35F00FD5605 /* MealEntity+CoreDataClass.swift */,
				C49879CB1E4FB35F00FD5605 /* MealEntity+CoreDataProperties.swift */,
			);
			path = Entities;
			sourceTree = "<group>";
		};
		C4994FA41E4BB09A00851152 /* CoreData */ = {
			isa = PBXGroup;
			children = (
				C49879C91E4FB31E00FD5605 /* Entities */,
				C46DB9031E4BB0E8001C1005 /* MealPlan.xcdatamodeld */,
				C46DB9061E4BB111001C1005 /* NSPersistentContainer+Make.swift */,
				C41A40D71E4F2F0C007918DC /* Storage.swift */,
				C49879CE1E4FBF2F00FD5605 /* ContextProviding.swift */,
			);
			path = CoreData;
			sourceTree = "<group>";
		};
		C4CAB6321E2EC33E00900003 /* Factories */ = {
			isa = PBXGroup;
			children = (
				C40E62041E39583500A5F0C5 /* MealPlanFactory.swift */,
				C417AD701E4536200004C6FF /* MealsFactory.swift */,
				C417AD721E453C540004C6FF /* SelectMealFactory.swift */,
				C4CAB6351E2EC38A00900003 /* ViewControllerMaking.swift */,
			);
			path = Factories;
			sourceTree = "<group>";
		};
		C4CB92121E1A2CBA004F0E27 = {
			isa = PBXGroup;
			children = (
				C4CB921D1E1A2CBA004F0E27 /* MealPlan */,
				C4CB92321E1A2CBA004F0E27 /* MealPlanTests */,
				C4CB921C1E1A2CBA004F0E27 /* Products */,
				C41F2C301E2FF9B800028E60 /* Frameworks */,
			);
			sourceTree = "<group>";
		};
		C4CB921C1E1A2CBA004F0E27 /* Products */ = {
			isa = PBXGroup;
			children = (
				C4CB921B1E1A2CBA004F0E27 /* MealPlan.app */,
				C4CB922F1E1A2CBA004F0E27 /* MealPlanTests.xctest */,
			);
			name = Products;
			sourceTree = "<group>";
		};
		C4CB921D1E1A2CBA004F0E27 /* MealPlan */ = {
			isa = PBXGroup;
			children = (
				C4E1BD241E1C5A9200811965 /* Model */,
				C41845341E1AF3E90042E44C /* Views */,
				C47D867F1E212AB9008FC4A3 /* ViewData */,
				C4D418EF1E1EF11B002B0D66 /* Presenters */,
				C47D86821E215B17008FC4A3 /* Utils */,
				C41845351E1AF46D0042E44C /* Supporting */,
			);
			path = MealPlan;
			sourceTree = "<group>";
		};
		C4CB92321E1A2CBA004F0E27 /* MealPlanTests */ = {
			isa = PBXGroup;
			children = (
				C4E1BD271E1C5D0E00811965 /* Model */,
				C4D418F71E1EFC33002B0D66 /* Views */,
				C4D418F01E1EF16A002B0D66 /* Presenters */,
				C4D418F81E1EFD03002B0D66 /* Utils */,
				C417AD6B1E4520860004C6FF /* Supporting */,
			);
			path = MealPlanTests;
			sourceTree = "<group>";
		};
		C4D418EF1E1EF11B002B0D66 /* Presenters */ = {
			isa = PBXGroup;
			children = (
				C4D418F11E1EF1A3002B0D66 /* MealPlanPresenter.swift */,
				C47D868D1E217FAE008FC4A3 /* MealsPresenter.swift */,
				C471A8311E2824D2000A6F07 /* SelectMealPresenter.swift */,
			);
			path = Presenters;
			sourceTree = "<group>";
		};
		C4D418F01E1EF16A002B0D66 /* Presenters */ = {
			isa = PBXGroup;
			children = (
				C4D418F31E1EF3FD002B0D66 /* MealPlanPresenterTests.swift */,
				C47D868F1E21801F008FC4A3 /* MealsPresenterTests.swift */,
				C471A8331E2824EB000A6F07 /* SelectMealPresenterTests.swift */,
			);
			path = Presenters;
			sourceTree = "<group>";
		};
		C4D418F71E1EFC33002B0D66 /* Views */ = {
			isa = PBXGroup;
			children = (
				C417AD761E4548630004C6FF /* Common */,
				C4D418F51E1EFC24002B0D66 /* MealPlanViewControllerTests.swift */,
				C4A2FF511E219209009AC6AD /* MealsViewControllerTests.swift */,
				C438228A1E25FD6100179062 /* AddMealAlertCreatorTests.swift */,
				C46BFF641E291EBA001D4C15 /* SelectMealViewControllerTests.swift */,
			);
			path = Views;
			sourceTree = "<group>";
		};
		C4D418F81E1EFD03002B0D66 /* Utils */ = {
			isa = PBXGroup;
			children = (
				C47D86891E216B9F008FC4A3 /* CollectionUtilsTests.swift */,
			);
			path = Utils;
			sourceTree = "<group>";
		};
		C4E1BD241E1C5A9200811965 /* Model */ = {
			isa = PBXGroup;
			children = (
				C4994FA41E4BB09A00851152 /* CoreData */,
				C4E9D7291E204B4A008926BC /* DayOfWeek.swift */,
				C4E9D7251E204237008926BC /* Meal.swift */,
				C4E1BD251E1C5AB800811965 /* MealsModel.swift */,
				C4E9D72D1E204D72008926BC /* WeeklyMealPlanModel.swift */,
			);
			path = Model;
			sourceTree = "<group>";
		};
		C4E1BD271E1C5D0E00811965 /* Model */ = {
			isa = PBXGroup;
			children = (
				C46DB9081E4BC6F0001C1005 /* CoreData */,
				C4E1BD221E1C594B00811965 /* MealsModelTests.swift */,
				C4E9D72F1E204F1F008926BC /* WeeklyMealPlanModelTests.swift */,
			);
			path = Model;
			sourceTree = "<group>";
		};
		C4ECAE801E26A64D003649D4 /* Common */ = {
			isa = PBXGroup;
			children = (
				C4E693561E24564F00EDFE97 /* AlertActionCreator.swift */,
				C417AD741E4547110004C6FF /* ViewControllerNavigating.swift */,
			);
			path = Common;
			sourceTree = "<group>";
		};
/* End PBXGroup section */

/* Begin PBXNativeTarget section */
		C4CB921A1E1A2CBA004F0E27 /* MealPlan */ = {
			isa = PBXNativeTarget;
			buildConfigurationList = C4CB92381E1A2CBA004F0E27 /* Build configuration list for PBXNativeTarget "MealPlan" */;
			buildPhases = (
				C4CB92171E1A2CBA004F0E27 /* Sources */,
				C4CB92181E1A2CBA004F0E27 /* Frameworks */,
				C4CB92191E1A2CBA004F0E27 /* Resources */,
				C471A8301E282140000A6F07 /* Swiftlint */,
			);
			buildRules = (
			);
			dependencies = (
			);
			name = MealPlan;
			productName = MealPlan;
			productReference = C4CB921B1E1A2CBA004F0E27 /* MealPlan.app */;
			productType = "com.apple.product-type.application";
		};
		C4CB922E1E1A2CBA004F0E27 /* MealPlanTests */ = {
			isa = PBXNativeTarget;
			buildConfigurationList = C4CB923B1E1A2CBA004F0E27 /* Build configuration list for PBXNativeTarget "MealPlanTests" */;
			buildPhases = (
				C4CB922B1E1A2CBA004F0E27 /* Sources */,
				C4CB922C1E1A2CBA004F0E27 /* Frameworks */,
				C4CB922D1E1A2CBA004F0E27 /* Resources */,
				C41F2C351E2FFB1100028E60 /* Copy Frameworks */,
			);
			buildRules = (
			);
			dependencies = (
				C4CB92311E1A2CBA004F0E27 /* PBXTargetDependency */,
			);
			name = MealPlanTests;
			productName = MealPlanTests;
			productReference = C4CB922F1E1A2CBA004F0E27 /* MealPlanTests.xctest */;
			productType = "com.apple.product-type.bundle.unit-test";
		};
/* End PBXNativeTarget section */

/* Begin PBXProject section */
		C4CB92131E1A2CBA004F0E27 /* Project object */ = {
			isa = PBXProject;
			attributes = {
				LastSwiftUpdateCheck = 0820;
				LastUpgradeCheck = 0820;
				ORGANIZATIONNAME = "Chirag Gupta";
				TargetAttributes = {
					C4CB921A1E1A2CBA004F0E27 = {
						CreatedOnToolsVersion = 8.2.1;
						ProvisioningStyle = Automatic;
					};
					C4CB922E1E1A2CBA004F0E27 = {
						CreatedOnToolsVersion = 8.2.1;
						DevelopmentTeam = 724U38TJZ2;
						ProvisioningStyle = Automatic;
						TestTargetID = C4CB921A1E1A2CBA004F0E27;
					};
				};
			};
			buildConfigurationList = C4CB92161E1A2CBA004F0E27 /* Build configuration list for PBXProject "MealPlan" */;
			compatibilityVersion = "Xcode 8.0";
			developmentRegion = English;
			hasScannedForEncodings = 0;
			knownRegions = (
				en,
				Base,
			);
			mainGroup = C4CB92121E1A2CBA004F0E27;
			productRefGroup = C4CB921C1E1A2CBA004F0E27 /* Products */;
			projectDirPath = "";
			projectRoot = "";
			targets = (
				C4CB921A1E1A2CBA004F0E27 /* MealPlan */,
				C4CB922E1E1A2CBA004F0E27 /* MealPlanTests */,
			);
		};
/* End PBXProject section */

/* Begin PBXResourcesBuildPhase section */
		C4CB92191E1A2CBA004F0E27 /* Resources */ = {
			isa = PBXResourcesBuildPhase;
			buildActionMask = 2147483647;
			files = (
				C46BFF681E296F89001D4C15 /* Main.storyboard in Resources */,
				C418453B1E1AF51C0042E44C /* LaunchScreen.storyboard in Resources */,
				C4CB92261E1A2CBA004F0E27 /* Assets.xcassets in Resources */,
			);
			runOnlyForDeploymentPostprocessing = 0;
		};
		C4CB922D1E1A2CBA004F0E27 /* Resources */ = {
			isa = PBXResourcesBuildPhase;
			buildActionMask = 2147483647;
			files = (
			);
			runOnlyForDeploymentPostprocessing = 0;
		};
/* End PBXResourcesBuildPhase section */

/* Begin PBXShellScriptBuildPhase section */
		C471A8301E282140000A6F07 /* Swiftlint */ = {
			isa = PBXShellScriptBuildPhase;
			buildActionMask = 2147483647;
			files = (
			);
			inputPaths = (
			);
			name = Swiftlint;
			outputPaths = (
			);
			runOnlyForDeploymentPostprocessing = 0;
			shellPath = /bin/sh;
			shellScript = "if which swiftlint >/dev/null; then\n    swiftlint\nelse\n    echo \"warning: SwiftLint not installed, download from https://github.com/realm/SwiftLint\"\nfi";
		};
/* End PBXShellScriptBuildPhase section */

/* Begin PBXSourcesBuildPhase section */
		C4CB92171E1A2CBA004F0E27 /* Sources */ = {
			isa = PBXSourcesBuildPhase;
			buildActionMask = 2147483647;
			files = (
				C47D86921E2181AD008FC4A3 /* MealsViewController.swift in Sources */,
				C417AD731E453C540004C6FF /* SelectMealFactory.swift in Sources */,
				C417AD711E4536200004C6FF /* MealsFactory.swift in Sources */,
				C4E9D72E1E204D72008926BC /* WeeklyMealPlanModel.swift in Sources */,
				C49879CF1E4FBF2F00FD5605 /* ContextProviding.swift in Sources */,
				C4F61D661E506D7700B0A17C /* DayPlanEntity+CoreDataClass.swift in Sources */,
				C41A40D81E4F2F0C007918DC /* Storage.swift in Sources */,
				C47D86841E215B5A008FC4A3 /* CollectionUtils.swift in Sources */,
				C47D86811E212AE2008FC4A3 /* MealPlanViewData.swift in Sources */,
				C426A2A41E5105D40074B6EA /* IngredientEntity+CoreDataProperties.swift in Sources */,
				C43822891E25FADF00179062 /* AddMealAlertCreator.swift in Sources */,
				C40E62051E39583500A5F0C5 /* MealPlanFactory.swift in Sources */,
				C46DB9051E4BB0E8001C1005 /* MealPlan.xcdatamodeld in Sources */,
				C4E9D7261E204237008926BC /* Meal.swift in Sources */,
				C426A2A31E5105D40074B6EA /* IngredientEntity+CoreDataClass.swift in Sources */,
				C471A8361E2826CF000A6F07 /* SelectMealViewController.swift in Sources */,
				C4D418F21E1EF1A3002B0D66 /* MealPlanPresenter.swift in Sources */,
				C47D868E1E217FAE008FC4A3 /* MealsPresenter.swift in Sources */,
				C49879CD1E4FB35F00FD5605 /* MealEntity+CoreDataProperties.swift in Sources */,
				C46DB9071E4BB111001C1005 /* NSPersistentContainer+Make.swift in Sources */,
				C4E1BD261E1C5AB800811965 /* MealsModel.swift in Sources */,
				C4F61D671E506D7700B0A17C /* DayPlanEntity+CoreDataProperties.swift in Sources */,
				C4E693571E24564F00EDFE97 /* AlertActionCreator.swift in Sources */,
				C4E9D72A1E204B4A008926BC /* DayOfWeek.swift in Sources */,
				C417AD751E4547110004C6FF /* ViewControllerNavigating.swift in Sources */,
				C471A8321E2824D2000A6F07 /* SelectMealPresenter.swift in Sources */,
				C41845391E1AF4880042E44C /* AppDelegate.swift in Sources */,
				C4CAB6361E2EC38A00900003 /* ViewControllerMaking.swift in Sources */,
				C49879CC1E4FB35F00FD5605 /* MealEntity+CoreDataClass.swift in Sources */,
				C4CB92211E1A2CBA004F0E27 /* MealPlanViewController.swift in Sources */,
			);
			runOnlyForDeploymentPostprocessing = 0;
		};
		C4CB922B1E1A2CBA004F0E27 /* Sources */ = {
			isa = PBXSourcesBuildPhase;
			buildActionMask = 2147483647;
			files = (
				C4D418F41E1EF3FD002B0D66 /* MealPlanPresenterTests.swift in Sources */,
				C46DB90A1E4BC710001C1005 /* NSPersistentContainer_MakeTests.swift in Sources */,
				C47D868C1E216BA4008FC4A3 /* TestUtils.swift in Sources */,
				C4D418F61E1EFC24002B0D66 /* MealPlanViewControllerTests.swift in Sources */,
				C438228B1E25FD6100179062 /* AddMealAlertCreatorTests.swift in Sources */,
				C41A40DA1E4F3AC8007918DC /* StorageTests.swift in Sources */,
				C4E1BD231E1C594B00811965 /* MealsModelTests.swift in Sources */,
				C4E9D7301E204F1F008926BC /* WeeklyMealPlanModelTests.swift in Sources */,
				C4A2FF521E219209009AC6AD /* MealsViewControllerTests.swift in Sources */,
				C46BFF651E291EBA001D4C15 /* SelectMealViewControllerTests.swift in Sources */,
				C471A8341E2824EB000A6F07 /* SelectMealPresenterTests.swift in Sources */,
				C47D86901E21801F008FC4A3 /* MealsPresenterTests.swift in Sources */,
				C417AD781E45488F0004C6FF /* ViewControllerNavigatingTests.swift in Sources */,
				C47D868A1E216B9F008FC4A3 /* CollectionUtilsTests.swift in Sources */,
				C4DE4FCA1E39470B0010CE52 /* ViewControllerMakingTests.swift in Sources */,
				C417AD6F1E4522FC0004C6FF /* AppDelegateTests.swift in Sources */,
			);
			runOnlyForDeploymentPostprocessing = 0;
		};
/* End PBXSourcesBuildPhase section */

/* Begin PBXTargetDependency section */
		C4CB92311E1A2CBA004F0E27 /* PBXTargetDependency */ = {
			isa = PBXTargetDependency;
			target = C4CB921A1E1A2CBA004F0E27 /* MealPlan */;
			targetProxy = C4CB92301E1A2CBA004F0E27 /* PBXContainerItemProxy */;
		};
/* End PBXTargetDependency section */

/* Begin PBXVariantGroup section */
		C46BFF661E296F89001D4C15 /* Main.storyboard */ = {
			isa = PBXVariantGroup;
			children = (
				C46BFF671E296F89001D4C15 /* Base */,
			);
			name = Main.storyboard;
			sourceTree = "<group>";
		};
		C4CB92271E1A2CBA004F0E27 /* LaunchScreen.storyboard */ = {
			isa = PBXVariantGroup;
			children = (
				C4CB92281E1A2CBA004F0E27 /* Base */,
			);
			name = LaunchScreen.storyboard;
			sourceTree = "<group>";
		};
/* End PBXVariantGroup section */

/* Begin XCBuildConfiguration section */
		C4CB92361E1A2CBA004F0E27 /* Debug */ = {
			isa = XCBuildConfiguration;
			buildSettings = {
				ALWAYS_SEARCH_USER_PATHS = NO;
				CLANG_ANALYZER_NONNULL = YES;
				CLANG_CXX_LANGUAGE_STANDARD = "gnu++0x";
				CLANG_CXX_LIBRARY = "libc++";
				CLANG_ENABLE_MODULES = YES;
				CLANG_ENABLE_OBJC_ARC = YES;
				CLANG_WARN_BOOL_CONVERSION = YES;
				CLANG_WARN_CONSTANT_CONVERSION = YES;
				CLANG_WARN_DIRECT_OBJC_ISA_USAGE = YES_ERROR;
				CLANG_WARN_DOCUMENTATION_COMMENTS = YES;
				CLANG_WARN_EMPTY_BODY = YES;
				CLANG_WARN_ENUM_CONVERSION = YES;
				CLANG_WARN_INFINITE_RECURSION = YES;
				CLANG_WARN_INT_CONVERSION = YES;
				CLANG_WARN_OBJC_ROOT_CLASS = YES_ERROR;
				CLANG_WARN_SUSPICIOUS_MOVE = YES;
				CLANG_WARN_UNREACHABLE_CODE = YES;
				CLANG_WARN__DUPLICATE_METHOD_MATCH = YES;
				"CODE_SIGN_IDENTITY[sdk=iphoneos*]" = "iPhone Developer";
				COPY_PHASE_STRIP = NO;
				DEBUG_INFORMATION_FORMAT = dwarf;
				ENABLE_STRICT_OBJC_MSGSEND = YES;
				ENABLE_TESTABILITY = YES;
				GCC_C_LANGUAGE_STANDARD = gnu99;
				GCC_DYNAMIC_NO_PIC = NO;
				GCC_NO_COMMON_BLOCKS = YES;
				GCC_OPTIMIZATION_LEVEL = 0;
				GCC_PREPROCESSOR_DEFINITIONS = (
					"DEBUG=1",
					"$(inherited)",
				);
				GCC_WARN_64_TO_32_BIT_CONVERSION = YES;
				GCC_WARN_ABOUT_RETURN_TYPE = YES_ERROR;
				GCC_WARN_UNDECLARED_SELECTOR = YES;
				GCC_WARN_UNINITIALIZED_AUTOS = YES_AGGRESSIVE;
				GCC_WARN_UNUSED_FUNCTION = YES;
				GCC_WARN_UNUSED_VARIABLE = YES;
				IPHONEOS_DEPLOYMENT_TARGET = 10.0;
				MTL_ENABLE_DEBUG_INFO = YES;
				ONLY_ACTIVE_ARCH = YES;
				SDKROOT = iphoneos;
				SWIFT_ACTIVE_COMPILATION_CONDITIONS = DEBUG;
				SWIFT_OPTIMIZATION_LEVEL = "-Onone";
			};
			name = Debug;
		};
		C4CB92371E1A2CBA004F0E27 /* Release */ = {
			isa = XCBuildConfiguration;
			buildSettings = {
				ALWAYS_SEARCH_USER_PATHS = NO;
				CLANG_ANALYZER_NONNULL = YES;
				CLANG_CXX_LANGUAGE_STANDARD = "gnu++0x";
				CLANG_CXX_LIBRARY = "libc++";
				CLANG_ENABLE_MODULES = YES;
				CLANG_ENABLE_OBJC_ARC = YES;
				CLANG_WARN_BOOL_CONVERSION = YES;
				CLANG_WARN_CONSTANT_CONVERSION = YES;
				CLANG_WARN_DIRECT_OBJC_ISA_USAGE = YES_ERROR;
				CLANG_WARN_DOCUMENTATION_COMMENTS = YES;
				CLANG_WARN_EMPTY_BODY = YES;
				CLANG_WARN_ENUM_CONVERSION = YES;
				CLANG_WARN_INFINITE_RECURSION = YES;
				CLANG_WARN_INT_CONVERSION = YES;
				CLANG_WARN_OBJC_ROOT_CLASS = YES_ERROR;
				CLANG_WARN_SUSPICIOUS_MOVE = YES;
				CLANG_WARN_UNREACHABLE_CODE = YES;
				CLANG_WARN__DUPLICATE_METHOD_MATCH = YES;
				"CODE_SIGN_IDENTITY[sdk=iphoneos*]" = "iPhone Developer";
				COPY_PHASE_STRIP = NO;
				DEBUG_INFORMATION_FORMAT = "dwarf-with-dsym";
				ENABLE_NS_ASSERTIONS = NO;
				ENABLE_STRICT_OBJC_MSGSEND = YES;
				GCC_C_LANGUAGE_STANDARD = gnu99;
				GCC_NO_COMMON_BLOCKS = YES;
				GCC_WARN_64_TO_32_BIT_CONVERSION = YES;
				GCC_WARN_ABOUT_RETURN_TYPE = YES_ERROR;
				GCC_WARN_UNDECLARED_SELECTOR = YES;
				GCC_WARN_UNINITIALIZED_AUTOS = YES_AGGRESSIVE;
				GCC_WARN_UNUSED_FUNCTION = YES;
				GCC_WARN_UNUSED_VARIABLE = YES;
				IPHONEOS_DEPLOYMENT_TARGET = 10.0;
				MTL_ENABLE_DEBUG_INFO = NO;
				SDKROOT = iphoneos;
				SWIFT_OPTIMIZATION_LEVEL = "-Owholemodule";
				VALIDATE_PRODUCT = YES;
			};
			name = Release;
		};
		C4CB92391E1A2CBA004F0E27 /* Debug */ = {
			isa = XCBuildConfiguration;
			buildSettings = {
				ASSETCATALOG_COMPILER_APPICON_NAME = AppIcon;
				DEVELOPMENT_TEAM = F65M5SXZZ9;
				INFOPLIST_FILE = "$(SRCROOT)/MealPlan/Supporting/Info.plist";
				LD_RUNPATH_SEARCH_PATHS = "$(inherited) @executable_path/Frameworks";
				PRODUCT_BUNDLE_IDENTIFIER = com.cg.MealPlan;
				PRODUCT_NAME = "$(TARGET_NAME)";
				SWIFT_VERSION = 3.0;
			};
			name = Debug;
		};
		C4CB923A1E1A2CBA004F0E27 /* Release */ = {
			isa = XCBuildConfiguration;
			buildSettings = {
				ASSETCATALOG_COMPILER_APPICON_NAME = AppIcon;
				DEVELOPMENT_TEAM = F65M5SXZZ9;
				INFOPLIST_FILE = "$(SRCROOT)/MealPlan/Supporting/Info.plist";
				LD_RUNPATH_SEARCH_PATHS = "$(inherited) @executable_path/Frameworks";
				PRODUCT_BUNDLE_IDENTIFIER = com.cg.MealPlan;
				PRODUCT_NAME = "$(TARGET_NAME)";
				SWIFT_VERSION = 3.0;
			};
			name = Release;
		};
		C4CB923C1E1A2CBA004F0E27 /* Debug */ = {
			isa = XCBuildConfiguration;
			buildSettings = {
				ALWAYS_EMBED_SWIFT_STANDARD_LIBRARIES = YES;
				BUNDLE_LOADER = "$(TEST_HOST)";
				DEVELOPMENT_TEAM = 724U38TJZ2;
				FRAMEWORK_SEARCH_PATHS = (
					"$(inherited)",
					"$(PROJECT_DIR)/Carthage/Build/iOS",
				);
				INFOPLIST_FILE = MealPlanTests/Supporting/Info.plist;
				LD_RUNPATH_SEARCH_PATHS = "$(inherited) @executable_path/Frameworks @loader_path/Frameworks";
				PRODUCT_BUNDLE_IDENTIFIER = com.chiraggupta.MealPlanTests;
				PRODUCT_NAME = "$(TARGET_NAME)";
				SWIFT_VERSION = 3.0;
				TEST_HOST = "$(BUILT_PRODUCTS_DIR)/MealPlan.app/MealPlan";
			};
			name = Debug;
		};
		C4CB923D1E1A2CBA004F0E27 /* Release */ = {
			isa = XCBuildConfiguration;
			buildSettings = {
				ALWAYS_EMBED_SWIFT_STANDARD_LIBRARIES = YES;
				BUNDLE_LOADER = "$(TEST_HOST)";
				DEVELOPMENT_TEAM = 724U38TJZ2;
				FRAMEWORK_SEARCH_PATHS = (
					"$(inherited)",
					"$(PROJECT_DIR)/Carthage/Build/iOS",
				);
				INFOPLIST_FILE = MealPlanTests/Supporting/Info.plist;
				LD_RUNPATH_SEARCH_PATHS = "$(inherited) @executable_path/Frameworks @loader_path/Frameworks";
				PRODUCT_BUNDLE_IDENTIFIER = com.chiraggupta.MealPlanTests;
				PRODUCT_NAME = "$(TARGET_NAME)";
				SWIFT_VERSION = 3.0;
				TEST_HOST = "$(BUILT_PRODUCTS_DIR)/MealPlan.app/MealPlan";
			};
			name = Release;
		};
/* End XCBuildConfiguration section */

/* Begin XCConfigurationList section */
		C4CB92161E1A2CBA004F0E27 /* Build configuration list for PBXProject "MealPlan" */ = {
			isa = XCConfigurationList;
			buildConfigurations = (
				C4CB92361E1A2CBA004F0E27 /* Debug */,
				C4CB92371E1A2CBA004F0E27 /* Release */,
			);
			defaultConfigurationIsVisible = 0;
			defaultConfigurationName = Release;
		};
		C4CB92381E1A2CBA004F0E27 /* Build configuration list for PBXNativeTarget "MealPlan" */ = {
			isa = XCConfigurationList;
			buildConfigurations = (
				C4CB92391E1A2CBA004F0E27 /* Debug */,
				C4CB923A1E1A2CBA004F0E27 /* Release */,
			);
			defaultConfigurationIsVisible = 0;
			defaultConfigurationName = Release;
		};
		C4CB923B1E1A2CBA004F0E27 /* Build configuration list for PBXNativeTarget "MealPlanTests" */ = {
			isa = XCConfigurationList;
			buildConfigurations = (
				C4CB923C1E1A2CBA004F0E27 /* Debug */,
				C4CB923D1E1A2CBA004F0E27 /* Release */,
			);
			defaultConfigurationIsVisible = 0;
			defaultConfigurationName = Release;
		};
/* End XCConfigurationList section */

/* Begin XCVersionGroup section */
		C46DB9031E4BB0E8001C1005 /* MealPlan.xcdatamodeld */ = {
			isa = XCVersionGroup;
			children = (
				C46DB9041E4BB0E8001C1005 /* MealPlan.xcdatamodel */,
			);
			currentVersion = C46DB9041E4BB0E8001C1005 /* MealPlan.xcdatamodel */;
			path = MealPlan.xcdatamodeld;
			sourceTree = "<group>";
			versionGroupType = wrapper.xcdatamodel;
		};
/* End XCVersionGroup section */
	};
	rootObject = C4CB92131E1A2CBA004F0E27 /* Project object */;
}
