// !$*UTF8*$!
{
	archiveVersion = 1;
	classes = {
	};
	objectVersion = 48;
	objects = {

/* Begin PBXBuildFile section */
		C41845391E1AF4880042E44C /* AppDelegate.swift in Sources */ = {isa = PBXBuildFile; fileRef = C41845371E1AF4880042E44C /* AppDelegate.swift */; };
		C418453A1E1AF51C0042E44C /* Main.storyboard in Resources */ = {isa = PBXBuildFile; fileRef = C4CB92221E1A2CBA004F0E27 /* Main.storyboard */; };
		C418453B1E1AF51C0042E44C /* LaunchScreen.storyboard in Resources */ = {isa = PBXBuildFile; fileRef = C4CB92271E1A2CBA004F0E27 /* LaunchScreen.storyboard */; };
		C47D86811E212AE2008FC4A3 /* MealViewData.swift in Sources */ = {isa = PBXBuildFile; fileRef = C47D86801E212AE2008FC4A3 /* MealViewData.swift */; };
		C47D86841E215B5A008FC4A3 /* CollectionUtils.swift in Sources */ = {isa = PBXBuildFile; fileRef = C47D86831E215B5A008FC4A3 /* CollectionUtils.swift */; };
		C47D86861E2167E8008FC4A3 /* CollectionUtilsTests.swift in Sources */ = {isa = PBXBuildFile; fileRef = C47D86851E2167E8008FC4A3 /* CollectionUtilsTests.swift */; };
		C4CB92211E1A2CBA004F0E27 /* MealPlanViewController.swift in Sources */ = {isa = PBXBuildFile; fileRef = C4CB92201E1A2CBA004F0E27 /* MealPlanViewController.swift */; };
		C4CB92261E1A2CBA004F0E27 /* Assets.xcassets in Resources */ = {isa = PBXBuildFile; fileRef = C4CB92251E1A2CBA004F0E27 /* Assets.xcassets */; };
		C4D418F21E1EF1A3002B0D66 /* MealPlanPresenter.swift in Sources */ = {isa = PBXBuildFile; fileRef = C4D418F11E1EF1A3002B0D66 /* MealPlanPresenter.swift */; };
		C4D418F41E1EF3FD002B0D66 /* MealPlanPresenterTests.swift in Sources */ = {isa = PBXBuildFile; fileRef = C4D418F31E1EF3FD002B0D66 /* MealPlanPresenterTests.swift */; };
		C4D418F61E1EFC24002B0D66 /* MealPlanViewControllerTests.swift in Sources */ = {isa = PBXBuildFile; fileRef = C4D418F51E1EFC24002B0D66 /* MealPlanViewControllerTests.swift */; };
		C4D418FA1E1EFE55002B0D66 /* TestUtils.swift in Sources */ = {isa = PBXBuildFile; fileRef = C4D418F91E1EFE55002B0D66 /* TestUtils.swift */; };
		C4E1BD231E1C594B00811965 /* MealsModelTests.swift in Sources */ = {isa = PBXBuildFile; fileRef = C4E1BD221E1C594B00811965 /* MealsModelTests.swift */; };
		C4E1BD261E1C5AB800811965 /* MealsModel.swift in Sources */ = {isa = PBXBuildFile; fileRef = C4E1BD251E1C5AB800811965 /* MealsModel.swift */; };
		C4E9D7261E204237008926BC /* Meal.swift in Sources */ = {isa = PBXBuildFile; fileRef = C4E9D7251E204237008926BC /* Meal.swift */; };
		C4E9D72A1E204B4A008926BC /* DayOfWeek.swift in Sources */ = {isa = PBXBuildFile; fileRef = C4E9D7291E204B4A008926BC /* DayOfWeek.swift */; };
		C4E9D72E1E204D72008926BC /* WeeklyMealPlanModel.swift in Sources */ = {isa = PBXBuildFile; fileRef = C4E9D72D1E204D72008926BC /* WeeklyMealPlanModel.swift */; };
		C4E9D7301E204F1F008926BC /* WeeklyMealPlanModelTests.swift in Sources */ = {isa = PBXBuildFile; fileRef = C4E9D72F1E204F1F008926BC /* WeeklyMealPlanModelTests.swift */; };
/* End PBXBuildFile section */

/* Begin PBXContainerItemProxy section */
		C4CB92301E1A2CBA004F0E27 /* PBXContainerItemProxy */ = {
			isa = PBXContainerItemProxy;
			containerPortal = C4CB92131E1A2CBA004F0E27 /* Project object */;
			proxyType = 1;
			remoteGlobalIDString = C4CB921A1E1A2CBA004F0E27;
			remoteInfo = MealPlan;
		};
/* End PBXContainerItemProxy section */

/* Begin PBXFileReference section */
		C41845361E1AF4880042E44C /* Info.plist */ = {isa = PBXFileReference; fileEncoding = 4; lastKnownFileType = text.plist.xml; path = Info.plist; sourceTree = "<group>"; };
		C41845371E1AF4880042E44C /* AppDelegate.swift */ = {isa = PBXFileReference; fileEncoding = 4; lastKnownFileType = sourcecode.swift; path = AppDelegate.swift; sourceTree = "<group>"; };
		C47D86801E212AE2008FC4A3 /* MealViewData.swift */ = {isa = PBXFileReference; fileEncoding = 4; lastKnownFileType = sourcecode.swift; path = MealViewData.swift; sourceTree = "<group>"; };
		C47D86831E215B5A008FC4A3 /* CollectionUtils.swift */ = {isa = PBXFileReference; fileEncoding = 4; lastKnownFileType = sourcecode.swift; path = CollectionUtils.swift; sourceTree = "<group>"; };
		C47D86851E2167E8008FC4A3 /* CollectionUtilsTests.swift */ = {isa = PBXFileReference; fileEncoding = 4; lastKnownFileType = sourcecode.swift; path = CollectionUtilsTests.swift; sourceTree = "<group>"; };
		C4CB921B1E1A2CBA004F0E27 /* MealPlan.app */ = {isa = PBXFileReference; explicitFileType = wrapper.application; includeInIndex = 0; path = MealPlan.app; sourceTree = BUILT_PRODUCTS_DIR; };
		C4CB92201E1A2CBA004F0E27 /* MealPlanViewController.swift */ = {isa = PBXFileReference; lastKnownFileType = sourcecode.swift; path = MealPlanViewController.swift; sourceTree = "<group>"; };
		C4CB92231E1A2CBA004F0E27 /* Base */ = {isa = PBXFileReference; lastKnownFileType = file.storyboard; name = Base; path = Base.lproj/Main.storyboard; sourceTree = "<group>"; };
		C4CB92251E1A2CBA004F0E27 /* Assets.xcassets */ = {isa = PBXFileReference; lastKnownFileType = folder.assetcatalog; name = Assets.xcassets; path = ../Resources/Assets.xcassets; sourceTree = "<group>"; };
		C4CB92281E1A2CBA004F0E27 /* Base */ = {isa = PBXFileReference; lastKnownFileType = file.storyboard; name = Base; path = Base.lproj/LaunchScreen.storyboard; sourceTree = "<group>"; };
		C4CB922F1E1A2CBA004F0E27 /* MealPlanTests.xctest */ = {isa = PBXFileReference; explicitFileType = wrapper.cfbundle; includeInIndex = 0; path = MealPlanTests.xctest; sourceTree = BUILT_PRODUCTS_DIR; };
		C4CB92351E1A2CBA004F0E27 /* Info.plist */ = {isa = PBXFileReference; lastKnownFileType = text.plist.xml; path = Info.plist; sourceTree = "<group>"; };
		C4D418F11E1EF1A3002B0D66 /* MealPlanPresenter.swift */ = {isa = PBXFileReference; fileEncoding = 4; lastKnownFileType = sourcecode.swift; path = MealPlanPresenter.swift; sourceTree = "<group>"; };
		C4D418F31E1EF3FD002B0D66 /* MealPlanPresenterTests.swift */ = {isa = PBXFileReference; fileEncoding = 4; lastKnownFileType = sourcecode.swift; path = MealPlanPresenterTests.swift; sourceTree = "<group>"; };
		C4D418F51E1EFC24002B0D66 /* MealPlanViewControllerTests.swift */ = {isa = PBXFileReference; fileEncoding = 4; lastKnownFileType = sourcecode.swift; path = MealPlanViewControllerTests.swift; sourceTree = "<group>"; };
		C4D418F91E1EFE55002B0D66 /* TestUtils.swift */ = {isa = PBXFileReference; fileEncoding = 4; lastKnownFileType = sourcecode.swift; path = TestUtils.swift; sourceTree = "<group>"; };
		C4E1BD221E1C594B00811965 /* MealsModelTests.swift */ = {isa = PBXFileReference; fileEncoding = 4; lastKnownFileType = sourcecode.swift; path = MealsModelTests.swift; sourceTree = "<group>"; };
		C4E1BD251E1C5AB800811965 /* MealsModel.swift */ = {isa = PBXFileReference; fileEncoding = 4; lastKnownFileType = sourcecode.swift; path = MealsModel.swift; sourceTree = "<group>"; };
		C4E9D7251E204237008926BC /* Meal.swift */ = {isa = PBXFileReference; fileEncoding = 4; lastKnownFileType = sourcecode.swift; path = Meal.swift; sourceTree = "<group>"; };
		C4E9D7291E204B4A008926BC /* DayOfWeek.swift */ = {isa = PBXFileReference; fileEncoding = 4; lastKnownFileType = sourcecode.swift; path = DayOfWeek.swift; sourceTree = "<group>"; };
		C4E9D72D1E204D72008926BC /* WeeklyMealPlanModel.swift */ = {isa = PBXFileReference; fileEncoding = 4; lastKnownFileType = sourcecode.swift; path = WeeklyMealPlanModel.swift; sourceTree = "<group>"; };
		C4E9D72F1E204F1F008926BC /* WeeklyMealPlanModelTests.swift */ = {isa = PBXFileReference; fileEncoding = 4; lastKnownFileType = sourcecode.swift; path = WeeklyMealPlanModelTests.swift; sourceTree = "<group>"; };
/* End PBXFileReference section */

/* Begin PBXFrameworksBuildPhase section */
		C4CB92181E1A2CBA004F0E27 /* Frameworks */ = {
			isa = PBXFrameworksBuildPhase;
			buildActionMask = 2147483647;
			files = (
			);
			runOnlyForDeploymentPostprocessing = 0;
		};
		C4CB922C1E1A2CBA004F0E27 /* Frameworks */ = {
			isa = PBXFrameworksBuildPhase;
			buildActionMask = 2147483647;
			files = (
			);
			runOnlyForDeploymentPostprocessing = 0;
		};
/* End PBXFrameworksBuildPhase section */

/* Begin PBXGroup section */
		C41845331E1AF3CF0042E44C /* Storyboards */ = {
			isa = PBXGroup;
			children = (
				C4CB92221E1A2CBA004F0E27 /* Main.storyboard */,
				C4CB92271E1A2CBA004F0E27 /* LaunchScreen.storyboard */,
			);
			path = Storyboards;
			sourceTree = "<group>";
		};
		C41845341E1AF3E90042E44C /* Views */ = {
			isa = PBXGroup;
			children = (
				C41845331E1AF3CF0042E44C /* Storyboards */,
				C4CB92201E1A2CBA004F0E27 /* MealPlanViewController.swift */,
			);
			path = Views;
			sourceTree = "<group>";
		};
		C41845351E1AF46D0042E44C /* Supporting */ = {
			isa = PBXGroup;
			children = (
				C4CB92251E1A2CBA004F0E27 /* Assets.xcassets */,
				C41845361E1AF4880042E44C /* Info.plist */,
				C41845371E1AF4880042E44C /* AppDelegate.swift */,
			);
			path = Supporting;
			sourceTree = "<group>";
		};
		C47D867F1E212AB9008FC4A3 /* ViewData */ = {
			isa = PBXGroup;
			children = (
				C47D86801E212AE2008FC4A3 /* MealViewData.swift */,
			);
			path = ViewData;
			sourceTree = "<group>";
		};
		C47D86821E215B17008FC4A3 /* Utils */ = {
			isa = PBXGroup;
			children = (
				C47D86831E215B5A008FC4A3 /* CollectionUtils.swift */,
			);
			path = Utils;
			sourceTree = "<group>";
		};
		C4CB92121E1A2CBA004F0E27 = {
			isa = PBXGroup;
			children = (
				C4CB921D1E1A2CBA004F0E27 /* MealPlan */,
				C4CB92321E1A2CBA004F0E27 /* MealPlanTests */,
				C4CB921C1E1A2CBA004F0E27 /* Products */,
			);
			sourceTree = "<group>";
		};
		C4CB921C1E1A2CBA004F0E27 /* Products */ = {
			isa = PBXGroup;
			children = (
				C4CB921B1E1A2CBA004F0E27 /* MealPlan.app */,
				C4CB922F1E1A2CBA004F0E27 /* MealPlanTests.xctest */,
			);
			name = Products;
			sourceTree = "<group>";
		};
		C4CB921D1E1A2CBA004F0E27 /* MealPlan */ = {
			isa = PBXGroup;
			children = (
				C4E1BD241E1C5A9200811965 /* Model */,
				C41845341E1AF3E90042E44C /* Views */,
				C47D867F1E212AB9008FC4A3 /* ViewData */,
				C4D418EF1E1EF11B002B0D66 /* Presenters */,
				C47D86821E215B17008FC4A3 /* Utils */,
				C41845351E1AF46D0042E44C /* Supporting */,
			);
			path = MealPlan;
			sourceTree = "<group>";
		};
		C4CB92321E1A2CBA004F0E27 /* MealPlanTests */ = {
			isa = PBXGroup;
			children = (
				C4E1BD271E1C5D0E00811965 /* Model */,
				C4D418F71E1EFC33002B0D66 /* Views */,
				C4D418F01E1EF16A002B0D66 /* Presenters */,
				C4D418F81E1EFD03002B0D66 /* Utils */,
				C4CB92351E1A2CBA004F0E27 /* Info.plist */,
			);
			path = MealPlanTests;
			sourceTree = "<group>";
		};
		C4D418EF1E1EF11B002B0D66 /* Presenters */ = {
			isa = PBXGroup;
			children = (
				C4D418F11E1EF1A3002B0D66 /* MealPlanPresenter.swift */,
			);
			path = Presenters;
			sourceTree = "<group>";
		};
		C4D418F01E1EF16A002B0D66 /* Presenters */ = {
			isa = PBXGroup;
			children = (
				C4D418F31E1EF3FD002B0D66 /* MealPlanPresenterTests.swift */,
			);
			path = Presenters;
			sourceTree = "<group>";
		};
		C4D418F71E1EFC33002B0D66 /* Views */ = {
			isa = PBXGroup;
			children = (
				C4D418F51E1EFC24002B0D66 /* MealPlanViewControllerTests.swift */,
			);
			path = Views;
			sourceTree = "<group>";
		};
		C4D418F81E1EFD03002B0D66 /* Utils */ = {
			isa = PBXGroup;
			children = (
				C4D418F91E1EFE55002B0D66 /* TestUtils.swift */,
				C47D86851E2167E8008FC4A3 /* CollectionUtilsTests.swift */,
			);
			path = Utils;
			sourceTree = "<group>";
		};
		C4E1BD241E1C5A9200811965 /* Model */ = {
			isa = PBXGroup;
			children = (
				C4E9D7291E204B4A008926BC /* DayOfWeek.swift */,
				C4E9D7251E204237008926BC /* Meal.swift */,
				C4E1BD251E1C5AB800811965 /* MealsModel.swift */,
				C4E9D72D1E204D72008926BC /* WeeklyMealPlanModel.swift */,
			);
			path = Model;
			sourceTree = "<group>";
		};
		C4E1BD271E1C5D0E00811965 /* Model */ = {
			isa = PBXGroup;
			children = (
				C4E1BD221E1C594B00811965 /* MealsModelTests.swift */,
				C4E9D72F1E204F1F008926BC /* WeeklyMealPlanModelTests.swift */,
			);
			path = Model;
			sourceTree = "<group>";
		};
/* End PBXGroup section */

/* Begin PBXNativeTarget section */
		C4CB921A1E1A2CBA004F0E27 /* MealPlan */ = {
			isa = PBXNativeTarget;
			buildConfigurationList = C4CB92381E1A2CBA004F0E27 /* Build configuration list for PBXNativeTarget "MealPlan" */;
			buildPhases = (
				C4CB92171E1A2CBA004F0E27 /* Sources */,
				C4CB92181E1A2CBA004F0E27 /* Frameworks */,
				C4CB92191E1A2CBA004F0E27 /* Resources */,
			);
			buildRules = (
			);
			dependencies = (
			);
			name = MealPlan;
			productName = MealPlan;
			productReference = C4CB921B1E1A2CBA004F0E27 /* MealPlan.app */;
			productType = "com.apple.product-type.application";
		};
		C4CB922E1E1A2CBA004F0E27 /* MealPlanTests */ = {
			isa = PBXNativeTarget;
			buildConfigurationList = C4CB923B1E1A2CBA004F0E27 /* Build configuration list for PBXNativeTarget "MealPlanTests" */;
			buildPhases = (
				C4CB922B1E1A2CBA004F0E27 /* Sources */,
				C4CB922C1E1A2CBA004F0E27 /* Frameworks */,
				C4CB922D1E1A2CBA004F0E27 /* Resources */,
			);
			buildRules = (
			);
			dependencies = (
				C4CB92311E1A2CBA004F0E27 /* PBXTargetDependency */,
			);
			name = MealPlanTests;
			productName = MealPlanTests;
			productReference = C4CB922F1E1A2CBA004F0E27 /* MealPlanTests.xctest */;
			productType = "com.apple.product-type.bundle.unit-test";
		};
/* End PBXNativeTarget section */

/* Begin PBXProject section */
		C4CB92131E1A2CBA004F0E27 /* Project object */ = {
			isa = PBXProject;
			attributes = {
				LastSwiftUpdateCheck = 0820;
				LastUpgradeCheck = 0820;
				ORGANIZATIONNAME = "Chirag Gupta";
				TargetAttributes = {
					C4CB921A1E1A2CBA004F0E27 = {
						CreatedOnToolsVersion = 8.2.1;
						DevelopmentTeam = 724U38TJZ2;
						ProvisioningStyle = Automatic;
					};
					C4CB922E1E1A2CBA004F0E27 = {
						CreatedOnToolsVersion = 8.2.1;
						DevelopmentTeam = 724U38TJZ2;
						ProvisioningStyle = Automatic;
						TestTargetID = C4CB921A1E1A2CBA004F0E27;
					};
				};
			};
			buildConfigurationList = C4CB92161E1A2CBA004F0E27 /* Build configuration list for PBXProject "MealPlan" */;
			compatibilityVersion = "Xcode 8.0";
			developmentRegion = English;
			hasScannedForEncodings = 0;
			knownRegions = (
				en,
				Base,
			);
			mainGroup = C4CB92121E1A2CBA004F0E27;
			productRefGroup = C4CB921C1E1A2CBA004F0E27 /* Products */;
			projectDirPath = "";
			projectRoot = "";
			targets = (
				C4CB921A1E1A2CBA004F0E27 /* MealPlan */,
				C4CB922E1E1A2CBA004F0E27 /* MealPlanTests */,
			);
		};
/* End PBXProject section */

/* Begin PBXResourcesBuildPhase section */
		C4CB92191E1A2CBA004F0E27 /* Resources */ = {
			isa = PBXResourcesBuildPhase;
			buildActionMask = 2147483647;
			files = (
				C418453A1E1AF51C0042E44C /* Main.storyboard in Resources */,
				C418453B1E1AF51C0042E44C /* LaunchScreen.storyboard in Resources */,
				C4CB92261E1A2CBA004F0E27 /* Assets.xcassets in Resources */,
			);
			runOnlyForDeploymentPostprocessing = 0;
		};
		C4CB922D1E1A2CBA004F0E27 /* Resources */ = {
			isa = PBXResourcesBuildPhase;
			buildActionMask = 2147483647;
			files = (
			);
			runOnlyForDeploymentPostprocessing = 0;
		};
/* End PBXResourcesBuildPhase section */

/* Begin PBXSourcesBuildPhase section */
		C4CB92171E1A2CBA004F0E27 /* Sources */ = {
			isa = PBXSourcesBuildPhase;
			buildActionMask = 2147483647;
			files = (
				C4E9D72E1E204D72008926BC /* WeeklyMealPlanModel.swift in Sources */,
				C47D86841E215B5A008FC4A3 /* CollectionUtils.swift in Sources */,
				C47D86811E212AE2008FC4A3 /* MealViewData.swift in Sources */,
				C4E9D7261E204237008926BC /* Meal.swift in Sources */,
				C4D418F21E1EF1A3002B0D66 /* MealPlanPresenter.swift in Sources */,
				C4E1BD261E1C5AB800811965 /* MealsModel.swift in Sources */,
				C4E9D72A1E204B4A008926BC /* DayOfWeek.swift in Sources */,
				C41845391E1AF4880042E44C /* AppDelegate.swift in Sources */,
				C4CB92211E1A2CBA004F0E27 /* MealPlanViewController.swift in Sources */,
			);
			runOnlyForDeploymentPostprocessing = 0;
		};
		C4CB922B1E1A2CBA004F0E27 /* Sources */ = {
			isa = PBXSourcesBuildPhase;
			buildActionMask = 2147483647;
			files = (
				C4D418FA1E1EFE55002B0D66 /* TestUtils.swift in Sources */,
				C4D418F41E1EF3FD002B0D66 /* MealPlanPresenterTests.swift in Sources */,
				C4D418F61E1EFC24002B0D66 /* MealPlanViewControllerTests.swift in Sources */,
				C47D86861E2167E8008FC4A3 /* CollectionUtilsTests.swift in Sources */,
				C4E1BD231E1C594B00811965 /* MealsModelTests.swift in Sources */,
				C4E9D7301E204F1F008926BC /* WeeklyMealPlanModelTests.swift in Sources */,
			);
			runOnlyForDeploymentPostprocessing = 0;
		};
/* End PBXSourcesBuildPhase section */

/* Begin PBXTargetDependency section */
		C4CB92311E1A2CBA004F0E27 /* PBXTargetDependency */ = {
			isa = PBXTargetDependency;
			target = C4CB921A1E1A2CBA004F0E27 /* MealPlan */;
			targetProxy = C4CB92301E1A2CBA004F0E27 /* PBXContainerItemProxy */;
		};
/* End PBXTargetDependency section */

/* Begin PBXVariantGroup section */
		C4CB92221E1A2CBA004F0E27 /* Main.storyboard */ = {
			isa = PBXVariantGroup;
			children = (
				C4CB92231E1A2CBA004F0E27 /* Base */,
			);
			name = Main.storyboard;
			sourceTree = "<group>";
		};
		C4CB92271E1A2CBA004F0E27 /* LaunchScreen.storyboard */ = {
			isa = PBXVariantGroup;
			children = (
				C4CB92281E1A2CBA004F0E27 /* Base */,
			);
			name = LaunchScreen.storyboard;
			sourceTree = "<group>";
		};
/* End PBXVariantGroup section */

/* Begin XCBuildConfiguration section */
		C4CB92361E1A2CBA004F0E27 /* Debug */ = {
			isa = XCBuildConfiguration;
			buildSettings = {
				ALWAYS_SEARCH_USER_PATHS = NO;
				CLANG_ANALYZER_NONNULL = YES;
				CLANG_CXX_LANGUAGE_STANDARD = "gnu++0x";
				CLANG_CXX_LIBRARY = "libc++";
				CLANG_ENABLE_MODULES = YES;
				CLANG_ENABLE_OBJC_ARC = YES;
				CLANG_WARN_BOOL_CONVERSION = YES;
				CLANG_WARN_CONSTANT_CONVERSION = YES;
				CLANG_WARN_DIRECT_OBJC_ISA_USAGE = YES_ERROR;
				CLANG_WARN_DOCUMENTATION_COMMENTS = YES;
				CLANG_WARN_EMPTY_BODY = YES;
				CLANG_WARN_ENUM_CONVERSION = YES;
				CLANG_WARN_INFINITE_RECURSION = YES;
				CLANG_WARN_INT_CONVERSION = YES;
				CLANG_WARN_OBJC_ROOT_CLASS = YES_ERROR;
				CLANG_WARN_SUSPICIOUS_MOVE = YES;
				CLANG_WARN_UNREACHABLE_CODE = YES;
				CLANG_WARN__DUPLICATE_METHOD_MATCH = YES;
				"CODE_SIGN_IDENTITY[sdk=iphoneos*]" = "iPhone Developer";
				COPY_PHASE_STRIP = NO;
				DEBUG_INFORMATION_FORMAT = dwarf;
				ENABLE_STRICT_OBJC_MSGSEND = YES;
				ENABLE_TESTABILITY = YES;
				GCC_C_LANGUAGE_STANDARD = gnu99;
				GCC_DYNAMIC_NO_PIC = NO;
				GCC_NO_COMMON_BLOCKS = YES;
				GCC_OPTIMIZATION_LEVEL = 0;
				GCC_PREPROCESSOR_DEFINITIONS = (
					"DEBUG=1",
					"$(inherited)",
				);
				GCC_WARN_64_TO_32_BIT_CONVERSION = YES;
				GCC_WARN_ABOUT_RETURN_TYPE = YES_ERROR;
				GCC_WARN_UNDECLARED_SELECTOR = YES;
				GCC_WARN_UNINITIALIZED_AUTOS = YES_AGGRESSIVE;
				GCC_WARN_UNUSED_FUNCTION = YES;
				GCC_WARN_UNUSED_VARIABLE = YES;
				IPHONEOS_DEPLOYMENT_TARGET = 10.0;
				MTL_ENABLE_DEBUG_INFO = YES;
				ONLY_ACTIVE_ARCH = YES;
				SDKROOT = iphoneos;
				SWIFT_ACTIVE_COMPILATION_CONDITIONS = DEBUG;
				SWIFT_OPTIMIZATION_LEVEL = "-Onone";
			};
			name = Debug;
		};
		C4CB92371E1A2CBA004F0E27 /* Release */ = {
			isa = XCBuildConfiguration;
			buildSettings = {
				ALWAYS_SEARCH_USER_PATHS = NO;
				CLANG_ANALYZER_NONNULL = YES;
				CLANG_CXX_LANGUAGE_STANDARD = "gnu++0x";
				CLANG_CXX_LIBRARY = "libc++";
				CLANG_ENABLE_MODULES = YES;
				CLANG_ENABLE_OBJC_ARC = YES;
				CLANG_WARN_BOOL_CONVERSION = YES;
				CLANG_WARN_CONSTANT_CONVERSION = YES;
				CLANG_WARN_DIRECT_OBJC_ISA_USAGE = YES_ERROR;
				CLANG_WARN_DOCUMENTATION_COMMENTS = YES;
				CLANG_WARN_EMPTY_BODY = YES;
				CLANG_WARN_ENUM_CONVERSION = YES;
				CLANG_WARN_INFINITE_RECURSION = YES;
				CLANG_WARN_INT_CONVERSION = YES;
				CLANG_WARN_OBJC_ROOT_CLASS = YES_ERROR;
				CLANG_WARN_SUSPICIOUS_MOVE = YES;
				CLANG_WARN_UNREACHABLE_CODE = YES;
				CLANG_WARN__DUPLICATE_METHOD_MATCH = YES;
				"CODE_SIGN_IDENTITY[sdk=iphoneos*]" = "iPhone Developer";
				COPY_PHASE_STRIP = NO;
				DEBUG_INFORMATION_FORMAT = "dwarf-with-dsym";
				ENABLE_NS_ASSERTIONS = NO;
				ENABLE_STRICT_OBJC_MSGSEND = YES;
				GCC_C_LANGUAGE_STANDARD = gnu99;
				GCC_NO_COMMON_BLOCKS = YES;
				GCC_WARN_64_TO_32_BIT_CONVERSION = YES;
				GCC_WARN_ABOUT_RETURN_TYPE = YES_ERROR;
				GCC_WARN_UNDECLARED_SELECTOR = YES;
				GCC_WARN_UNINITIALIZED_AUTOS = YES_AGGRESSIVE;
				GCC_WARN_UNUSED_FUNCTION = YES;
				GCC_WARN_UNUSED_VARIABLE = YES;
				IPHONEOS_DEPLOYMENT_TARGET = 10.0;
				MTL_ENABLE_DEBUG_INFO = NO;
				SDKROOT = iphoneos;
				SWIFT_OPTIMIZATION_LEVEL = "-Owholemodule";
				VALIDATE_PRODUCT = YES;
			};
			name = Release;
		};
		C4CB92391E1A2CBA004F0E27 /* Debug */ = {
			isa = XCBuildConfiguration;
			buildSettings = {
				ASSETCATALOG_COMPILER_APPICON_NAME = AppIcon;
				DEVELOPMENT_TEAM = 724U38TJZ2;
				INFOPLIST_FILE = "$(SRCROOT)/MealPlan/Supporting/Info.plist";
				LD_RUNPATH_SEARCH_PATHS = "$(inherited) @executable_path/Frameworks";
				PRODUCT_BUNDLE_IDENTIFIER = com.chiraggupta.MealPlan;
				PRODUCT_NAME = "$(TARGET_NAME)";
				SWIFT_VERSION = 3.0;
			};
			name = Debug;
		};
		C4CB923A1E1A2CBA004F0E27 /* Release */ = {
			isa = XCBuildConfiguration;
			buildSettings = {
				ASSETCATALOG_COMPILER_APPICON_NAME = AppIcon;
				DEVELOPMENT_TEAM = 724U38TJZ2;
				INFOPLIST_FILE = "$(SRCROOT)/MealPlan/Supporting/Info.plist";
				LD_RUNPATH_SEARCH_PATHS = "$(inherited) @executable_path/Frameworks";
				PRODUCT_BUNDLE_IDENTIFIER = com.chiraggupta.MealPlan;
				PRODUCT_NAME = "$(TARGET_NAME)";
				SWIFT_VERSION = 3.0;
			};
			name = Release;
		};
		C4CB923C1E1A2CBA004F0E27 /* Debug */ = {
			isa = XCBuildConfiguration;
			buildSettings = {
				ALWAYS_EMBED_SWIFT_STANDARD_LIBRARIES = YES;
				BUNDLE_LOADER = "$(TEST_HOST)";
				DEVELOPMENT_TEAM = 724U38TJZ2;
				INFOPLIST_FILE = MealPlanTests/Info.plist;
				LD_RUNPATH_SEARCH_PATHS = "$(inherited) @executable_path/Frameworks @loader_path/Frameworks";
				PRODUCT_BUNDLE_IDENTIFIER = com.chiraggupta.MealPlanTests;
				PRODUCT_NAME = "$(TARGET_NAME)";
				SWIFT_VERSION = 3.0;
				TEST_HOST = "$(BUILT_PRODUCTS_DIR)/MealPlan.app/MealPlan";
			};
			name = Debug;
		};
		C4CB923D1E1A2CBA004F0E27 /* Release */ = {
			isa = XCBuildConfiguration;
			buildSettings = {
				ALWAYS_EMBED_SWIFT_STANDARD_LIBRARIES = YES;
				BUNDLE_LOADER = "$(TEST_HOST)";
				DEVELOPMENT_TEAM = 724U38TJZ2;
				INFOPLIST_FILE = MealPlanTests/Info.plist;
				LD_RUNPATH_SEARCH_PATHS = "$(inherited) @executable_path/Frameworks @loader_path/Frameworks";
				PRODUCT_BUNDLE_IDENTIFIER = com.chiraggupta.MealPlanTests;
				PRODUCT_NAME = "$(TARGET_NAME)";
				SWIFT_VERSION = 3.0;
				TEST_HOST = "$(BUILT_PRODUCTS_DIR)/MealPlan.app/MealPlan";
			};
			name = Release;
		};
/* End XCBuildConfiguration section */

/* Begin XCConfigurationList section */
		C4CB92161E1A2CBA004F0E27 /* Build configuration list for PBXProject "MealPlan" */ = {
			isa = XCConfigurationList;
			buildConfigurations = (
				C4CB92361E1A2CBA004F0E27 /* Debug */,
				C4CB92371E1A2CBA004F0E27 /* Release */,
			);
			defaultConfigurationIsVisible = 0;
			defaultConfigurationName = Release;
		};
		C4CB92381E1A2CBA004F0E27 /* Build configuration list for PBXNativeTarget "MealPlan" */ = {
			isa = XCConfigurationList;
			buildConfigurations = (
				C4CB92391E1A2CBA004F0E27 /* Debug */,
				C4CB923A1E1A2CBA004F0E27 /* Release */,
			);
			defaultConfigurationIsVisible = 0;
			defaultConfigurationName = Release;
		};
		C4CB923B1E1A2CBA004F0E27 /* Build configuration list for PBXNativeTarget "MealPlanTests" */ = {
			isa = XCConfigurationList;
			buildConfigurations = (
				C4CB923C1E1A2CBA004F0E27 /* Debug */,
				C4CB923D1E1A2CBA004F0E27 /* Release */,
			);
			defaultConfigurationIsVisible = 0;
			defaultConfigurationName = Release;
		};
/* End XCConfigurationList section */
	};
	rootObject = C4CB92131E1A2CBA004F0E27 /* Project object */;
}
